
Microsoft Visual Studio Solution File, Format Version 12.00
# Visual Studio Version 17
VisualStudioVersion = 17.1.32407.343
MinimumVisualStudioVersion = 10.0.40219.1
Project("{FAE04EC0-301F-11D3-BF4B-00C04F79EFBC}") = "Test_CICD", "Test_CICD\Test_CICD.csproj", "{39DA1965-EEB7-4482-AF56-42F0A75A0B91}"
EndProject
Global
	GlobalSection(SolutionConfigurationPlatforms) = preSolution
		Debug|Any CPU = Debug|Any CPU
		Release|Any CPU = Release|Any CPU
	EndGlobalSection
	GlobalSection(ProjectConfigurationPlatforms) = postSolution
		{39DA1965-EEB7-4482-AF56-42F0A75A0B91}.Debug|Any CPU.ActiveCfg = Debug|Any CPU
		{39DA1965-EEB7-4482-AF56-42F0A75A0B91}.Debug|Any CPU.Build.0 = Debug|Any CPU
		{39DA1965-EEB7-4482-AF56-42F0A75A0B91}.Release|Any CPU.ActiveCfg = Release|Any CPU
		{39DA1965-EEB7-4482-AF56-42F0A75A0B91}.Release|Any CPU.Build.0 = Release|Any CPU
	EndGlobalSection
	GlobalSection(SolutionProperties) = preSolution
		HideSolutionNode = FALSE
	EndGlobalSection
	GlobalSection(ExtensibilityGlobals) = postSolution
		SolutionGuid = {244AB2F6-C6A6-4AF2-8200-D44DF56E5FFF}
	EndGlobalSection
EndGlobal
